
Microsoft Visual Studio Solution File, Format Version 12.00
# Visual Studio 15
VisualStudioVersion = 15.0.26730.3
MinimumVisualStudioVersion = 10.0.40219.1
Project("{FAE04EC0-301F-11D3-BF4B-00C04F79EFBC}") = "Akka.TestKit.VsTest", "Akka.TestKit.VsTest\Akka.TestKit.VsTest.csproj", "{01003DAF-660B-4C39-9557-1F5E95B405BF}"
EndProject
Project("{FAE04EC0-301F-11D3-BF4B-00C04F79EFBC}") = "Akka.TestKit.VsTest.Tests", "Akka.TestKit.VsTest.Tests\Akka.TestKit.VsTest.Tests.csproj", "{F5697316-A1C6-4B99-84B5-1E7DEB08D669}"
EndProject
Project("{2150E333-8FDC-42A3-9474-1A3956D46DE8}") = "Build", "Build", "{B5C1F499-2F22-46CB-893D-380C0D8FA804}"
	ProjectSection(SolutionItems) = preProject
		..\build.fsx = ..\build.fsx
	EndProjectSection
EndProject
Project("{FAE04EC0-301F-11D3-BF4B-00C04F79EFBC}") = "Akka.TestKit.MSTestV2", "Akka.TestKit.MSTestV2\Akka.TestKit.MSTestV2.csproj", "{96E57358-DDEA-484D-A31F-DFA3AEA3392D}"
EndProject
Project("{FAE04EC0-301F-11D3-BF4B-00C04F79EFBC}") = "Akka.TestKit.MSTestV2.Tests", "Akka.TestKit.MSTestV2.Tests\Akka.TestKit.MSTestV2.Tests.csproj", "{63288C66-61BE-4943-92CB-7D920D984206}"
EndProject
Global
	GlobalSection(SolutionConfigurationPlatforms) = preSolution
		Debug|Any CPU = Debug|Any CPU
		Release|Any CPU = Release|Any CPU
	EndGlobalSection
	GlobalSection(ProjectConfigurationPlatforms) = postSolution
		{01003DAF-660B-4C39-9557-1F5E95B405BF}.Debug|Any CPU.ActiveCfg = Debug|Any CPU
		{01003DAF-660B-4C39-9557-1F5E95B405BF}.Debug|Any CPU.Build.0 = Debug|Any CPU
		{01003DAF-660B-4C39-9557-1F5E95B405BF}.Release|Any CPU.ActiveCfg = Release|Any CPU
		{01003DAF-660B-4C39-9557-1F5E95B405BF}.Release|Any CPU.Build.0 = Release|Any CPU
		{F5697316-A1C6-4B99-84B5-1E7DEB08D669}.Debug|Any CPU.ActiveCfg = Debug|Any CPU
		{F5697316-A1C6-4B99-84B5-1E7DEB08D669}.Debug|Any CPU.Build.0 = Debug|Any CPU
		{F5697316-A1C6-4B99-84B5-1E7DEB08D669}.Release|Any CPU.ActiveCfg = Release|Any CPU
		{F5697316-A1C6-4B99-84B5-1E7DEB08D669}.Release|Any CPU.Build.0 = Release|Any CPU
		{96E57358-DDEA-484D-A31F-DFA3AEA3392D}.Debug|Any CPU.ActiveCfg = Debug|Any CPU
		{96E57358-DDEA-484D-A31F-DFA3AEA3392D}.Debug|Any CPU.Build.0 = Debug|Any CPU
		{96E57358-DDEA-484D-A31F-DFA3AEA3392D}.Release|Any CPU.ActiveCfg = Release|Any CPU
		{96E57358-DDEA-484D-A31F-DFA3AEA3392D}.Release|Any CPU.Build.0 = Release|Any CPU
		{63288C66-61BE-4943-92CB-7D920D984206}.Debug|Any CPU.ActiveCfg = Debug|Any CPU
		{63288C66-61BE-4943-92CB-7D920D984206}.Debug|Any CPU.Build.0 = Debug|Any CPU
		{63288C66-61BE-4943-92CB-7D920D984206}.Release|Any CPU.ActiveCfg = Release|Any CPU
		{63288C66-61BE-4943-92CB-7D920D984206}.Release|Any CPU.Build.0 = Release|Any CPU
	EndGlobalSection
	GlobalSection(SolutionProperties) = preSolution
		HideSolutionNode = FALSE
	EndGlobalSection
	GlobalSection(ExtensibilityGlobals) = postSolution
		SolutionGuid = {75C9DD70-496B-482E-A3FC-C53D1CEBBD93}
	EndGlobalSection
EndGlobal
